# THIS IS AN AUTOGENERATED FILE. DO NOT EDIT THIS FILE DIRECTLY.
# yarn lockfile v1


convert-csv-to-json@^2.0.0:
  version "2.0.0"
  resolved "https://registry.yarnpkg.com/convert-csv-to-json/-/convert-csv-to-json-2.0.0.tgz#500b80d9aa07759ddec7cda2cf0a600d7afa768e"
  integrity sha512-pMDclso1Afm8tGsJfcVqay10WSPgpoGKGoHdIXWIMXJX29qayEC/MlAsd6csYr59mUjLoJxpkHi37cTUSaNUpw==
